<Solution>
    <Folder Name="/SolutionItems/">
        <File Path=".editorconfig" />
        <File Path=".gitignore" />
        <File Path="AGENTS.md" />
        <File Path="Directory.Build.props" />
        <File Path="Directory.Packages.props" />
        <File Path="LICENSE" />
        <File Path="nuget.config" />
        <File Path="README.md" />
    </Folder>
    <Project Path="ChoreoApp.i18n/ChoreoApp.i18n.csproj" />
    <Project Path="ChoreoApp.Styling/ChoreoApp.Styling.csproj" />
    <Project Path="ChoreoApp.Algorithms/ChoreoApp.Algorithms.csproj" />
    <Project Path="ChoreoApp.Algorithms.Tests/ChoreoApp.Algorithms.Tests.csproj" />
    <Project Path="ChoreoApp/ChoreoApp.csproj" />
    <Project Path="ChoreoMasterMobile.Json.Tests/ChoreoMasterMobile.Json.Tests.csproj" />
    <Project Path="ChoreoMasterMobile.Json/ChoreoMasterMobile.Json.csproj" />
    <Project Path="MaterialColorUtilities/MaterialColorUtilities.csproj" />
</Solution>