<Solution>
    <Folder Name="/GitHub/" />
    <Folder Name="/GitHub/Workflows/">
        <File Path=".github/workflows/build-android.yaml" />
        <File Path=".github/workflows/build-ios.yaml" />
        <File Path=".github/workflows/build-macos.yaml" />
        <File Path=".github/workflows/build-windows.yaml" />
        <File Path=".github/workflows/build-windows-msi.yaml" />
    </Folder>
    <Folder Name="/SolutionItems/">
        <File Path=".editorconfig" />
        <File Path=".gitattributes" />
        <File Path=".gitignore" />
        <File Path="AGENTS.md" />
        <File Path="Directory.Build.props" />
        <File Path="Directory.Packages.props" />
        <File Path="LICENSE" />
        <File Path="nuget.config" />
        <File Path="README.md" />
        <File Path="installer/ChoreoApp.wxs" />
    </Folder>
    <Folder Name="/Installer/">
        <File Path="installer/ChoreoApp.wxs" />
    </Folder>
    <Project Path="ChoreoApp.i18n/ChoreoApp.i18n.csproj" />
    <Project Path="ChoreoApp.Algorithms/ChoreoApp.Algorithms.csproj" />
    <Project Path="ChoreoApp.Models/ChoreoApp.Models.csproj" />
    <Project Path="ChoreoApp.Models.Tests/ChoreoApp.Models.Tests.csproj" />
    <Project Path="ChoreoApp.Algorithms.Tests/ChoreoApp.Algorithms.Tests.csproj" />
    <Project Path="ChoreoApp/ChoreoApp.csproj" />
    <Project Path="ChoreoMasterMobile.Json.Tests/ChoreoMasterMobile.Json.Tests.csproj" />
    <Project Path="ChoreoMasterMobile.Json/ChoreoMasterMobile.Json.csproj" />
    <Project Path="MaterialColorUtilities/MaterialColorUtilities.csproj" />
    <Project Path="MaterialDesignThemes.Maui/MaterialDesignThemes.Maui.csproj" />
</Solution>
